<?xml version="1.0" encoding="utf-8"?>
<Project ToolsVersion="4.0" xmlns="http://schemas.microsoft.com/developer/msbuild/2003">
  <ItemGroup>
    <Filter Include="Source Files">
      <UniqueIdentifier>{4FC737F1-C7A5-4376-A066-2A32D752A2FF}</UniqueIdentifier>
      <Extensions>cpp;c;cc;cxx;def;odl;idl;hpj;bat;asm;asmx</Extensions>
    </Filter>
    <Filter Include="Header Files">
      <UniqueIdentifier>{93995380-89BD-4b04-88EB-625FBE52EBFB}</UniqueIdentifier>
      <Extensions>h;hh;hpp;hxx;hm;inl;inc;ipp;xsd</Extensions>
    </Filter>
  </ItemGroup>
  <ItemGroup>
    <ClCompile Include="src\balls_on_cirlce.c">
      <Filter>Source Files</Filter>
    </ClCompile>
    <ClCompile Include="src\balls_on_helix.c">
      <Filter>Source Files</Filter>
    </ClCompile>
    <ClCompile Include="src\brute_force_algorithm.c">
      <Filter>Source Files</Filter>
    </ClCompile>
    <ClCompile Include="src\common_functions.c">
      <Filter>Source Files</Filter>
    </ClCompile>
    <ClCompile Include="src\common_math.c">
      <Filter>Source Files</Filter>
    </ClCompile>
    <ClCompile Include="src\data initialization version2.c">
      <Filter>Source Files</Filter>
    </ClCompile>
    <ClCompile Include="src\data_initialization.c">
      <Filter>Source Files</Filter>
    </ClCompile>
    <ClCompile Include="src\data_load.c">
      <Filter>Source Files</Filter>
    </ClCompile>
    <ClCompile Include="src\data_storage.c">
      <Filter>Source Files</Filter>
    </ClCompile>
    <ClCompile Include="src\distanceMaps.c">
      <Filter>Source Files</Filter>
    </ClCompile>
    <ClCompile Include="src\edge_detection_function.c">
      <Filter>Source Files</Filter>
    </ClCompile>
    <ClCompile Include="src\endianity_bl.c">
      <Filter>Source Files</Filter>
    </ClCompile>
    <ClCompile Include="src\explicit_regularized_pm_equation.c">
      <Filter>Source Files</Filter>
    </ClCompile>
    <ClCompile Include="src\fast_marching.c">
      <Filter>Source Files</Filter>
    </ClCompile>
    <ClCompile Include="src\fast_sweeping_method.c">
      <Filter>Source Files</Filter>
    </ClCompile>
    <ClCompile Include="src\file.c">
      <Filter>Source Files</Filter>
    </ClCompile>
    <ClCompile Include="src\filtering.c">
      <Filter>Source Files</Filter>
    </ClCompile>
    <ClCompile Include="src\generate_3d_shapes.c">
      <Filter>Source Files</Filter>
    </ClCompile>
    <ClCompile Include="src\geodesic_mean_curvature_equation.c">
      <Filter>Source Files</Filter>
    </ClCompile>
    <ClCompile Include="src\heat_equation.c">
      <Filter>Source Files</Filter>
    </ClCompile>
    <ClCompile Include="src\image_difference.c">
      <Filter>Source Files</Filter>
    </ClCompile>
    <ClCompile Include="src\image_norm.c">
      <Filter>Source Files</Filter>
    </ClCompile>
    <ClCompile Include="src\implicit_regularized_pm_equation.c">
      <Filter>Source Files</Filter>
    </ClCompile>
    <ClCompile Include="src\interpolations.c">
      <Filter>Source Files</Filter>
    </ClCompile>
    <ClCompile Include="src\l2_norm.c">
      <Filter>Source Files</Filter>
    </ClCompile>
    <ClCompile Include="src\linked_list.c">
      <Filter>Source Files</Filter>
    </ClCompile>
    <ClCompile Include="src\mean_curvature_equation.c">
      <Filter>Source Files</Filter>
    </ClCompile>
    <ClCompile Include="src\noise_generator.c">
      <Filter>Source Files</Filter>
    </ClCompile>
    <ClCompile Include="src\noiseGeneration.c">
      <Filter>Source Files</Filter>
    </ClCompile>
    <ClCompile Include="src\pca.c">
      <Filter>Source Files</Filter>
    </ClCompile>
    <ClCompile Include="src\printing_function.c">
      <Filter>Source Files</Filter>
    </ClCompile>
    <ClCompile Include="src\procrustrates_dist.c">
      <Filter>Source Files</Filter>
    </ClCompile>
    <ClCompile Include="src\registration.c">
      <Filter>Source Files</Filter>
    </ClCompile>
    <ClCompile Include="src\rouy_tourin_function.c">
      <Filter>Source Files</Filter>
    </ClCompile>
    <ClCompile Include="src\segmentation.c">
      <Filter>Source Files</Filter>
    </ClCompile>
    <ClCompile Include="src\segmentation3D_atlas.c">
      <Filter>Source Files</Filter>
    </ClCompile>
    <ClCompile Include="src\segmentation3D_subsurf.c">
      <Filter>Source Files</Filter>
    </ClCompile>
    <ClCompile Include="src\setting_boundary_values.c">
      <Filter>Source Files</Filter>
    </ClCompile>
    <ClCompile Include="src\shape_registration.c">
      <Filter>Source Files</Filter>
    </ClCompile>
    <ClCompile Include="src\shapeGeneration.c">
      <Filter>Source Files</Filter>
    </ClCompile>
    <ClCompile Include="src\statistics.c">
      <Filter>Source Files</Filter>
    </ClCompile>
    <ClCompile Include="src\thresholding_function.c">
      <Filter>Source Files</Filter>
    </ClCompile>
    <ClCompile Include="src\time_space_l2_norm.c">
      <Filter>Source Files</Filter>
    </ClCompile>
    <ClCompile Include="src\transformation.c">
      <Filter>Source Files</Filter>
    </ClCompile>
    <ClCompile Include="src\transformations.c">
      <Filter>Source Files</Filter>
    </ClCompile>
    <ClCompile Include="src\vector_fields.c">
      <Filter>Source Files</Filter>
    </ClCompile>
    <ClCompile Include="src\vtk_format_ascii.c">
      <Filter>Source Files</Filter>
    </ClCompile>
  </ItemGroup>
  <ItemGroup>
    <ClInclude Include="src\common_functions.h">
      <Filter>Header Files</Filter>
    </ClInclude>
    <ClInclude Include="src\common_math.h">
      <Filter>Header Files</Filter>
    </ClInclude>
    <ClInclude Include="src\data_initialization.h">
      <Filter>Header Files</Filter>
    </ClInclude>
    <ClInclude Include="src\data_load.h">
      <Filter>Header Files</Filter>
    </ClInclude>
    <ClInclude Include="src\data_storage.h">
      <Filter>Header Files</Filter>
    </ClInclude>
    <ClInclude Include="src\distance_function.h">
      <Filter>Header Files</Filter>
    </ClInclude>
    <ClInclude Include="src\distanceMaps.h">
      <Filter>Header Files</Filter>
    </ClInclude>
    <ClInclude Include="src\edgedetection.h">
      <Filter>Header Files</Filter>
    </ClInclude>
    <ClInclude Include="src\endianity_bl.h">
      <Filter>Header Files</Filter>
    </ClInclude>
    <ClInclude Include="src\fast_marching.h">
      <Filter>Header Files</Filter>
    </ClInclude>
    <ClInclude Include="src\filter_params.h">
      <Filter>Header Files</Filter>
    </ClInclude>
    <ClInclude Include="src\generate_3d_shapes.h">
      <Filter>Header Files</Filter>
    </ClInclude>
    <ClInclude Include="src\heat_equation.h">
      <Filter>Header Files</Filter>
    </ClInclude>
    <ClInclude Include="src\image_difference.h">
      <Filter>Header Files</Filter>
    </ClInclude>
    <ClInclude Include="src\image_norm.h">
      <Filter>Header Files</Filter>
    </ClInclude>
    <ClInclude Include="src\interpolations.h">
      <Filter>Header Files</Filter>
    </ClInclude>
    <ClInclude Include="src\linked_list.h">
      <Filter>Header Files</Filter>
    </ClInclude>
    <ClInclude Include="src\noise_generator.h">
      <Filter>Header Files</Filter>
    </ClInclude>
    <ClInclude Include="src\non_linear_heat_equation.h">
      <Filter>Header Files</Filter>
    </ClInclude>
    <ClInclude Include="src\pca.h">
      <Filter>Header Files</Filter>
    </ClInclude>
    <ClInclude Include="src\printing_function.h">
      <Filter>Header Files</Filter>
    </ClInclude>
    <ClInclude Include="src\procrustrates_dist.h">
      <Filter>Header Files</Filter>
    </ClInclude>
    <ClInclude Include="src\registration_params.h">
      <Filter>Header Files</Filter>
    </ClInclude>
    <ClInclude Include="src\segmentation3D_atlas.h">
      <Filter>Header Files</Filter>
    </ClInclude>
    <ClInclude Include="src\segmentation3D_common.h">
      <Filter>Header Files</Filter>
    </ClInclude>
    <ClInclude Include="src\segmentation3D_subsurf.h">
      <Filter>Header Files</Filter>
    </ClInclude>
    <ClInclude Include="src\setting_boundary_values.h">
      <Filter>Header Files</Filter>
    </ClInclude>
    <ClInclude Include="src\shape_registration.h">
      <Filter>Header Files</Filter>
    </ClInclude>
    <ClInclude Include="src\shapeAnalysis_params.h">
      <Filter>Header Files</Filter>
    </ClInclude>
    <ClInclude Include="src\thresholding.h">
      <Filter>Header Files</Filter>
    </ClInclude>
    <ClInclude Include="src\trajectories.h">
      <Filter>Header Files</Filter>
    </ClInclude>
    <ClInclude Include="src\transform_params.h">
      <Filter>Header Files</Filter>
    </ClInclude>
    <ClInclude Include="src\transformations.h">
      <Filter>Header Files</Filter>
    </ClInclude>
    <ClInclude Include="src\vector_fields.h">
      <Filter>Header Files</Filter>
    </ClInclude>
    <ClInclude Include="src\vtk_format_ascii.h">
      <Filter>Header Files</Filter>
    </ClInclude>
    <ClInclude Include="src\vtk_params.h">
      <Filter>Header Files</Filter>
    </ClInclude>
    <ClInclude Include="include\distanceMaps.h">
      <Filter>Header Files</Filter>
    </ClInclude>
    <ClInclude Include="include\file.h">
      <Filter>Header Files</Filter>
    </ClInclude>
    <ClInclude Include="include\filtering.h">
      <Filter>Header Files</Filter>
    </ClInclude>
    <ClInclude Include="include\noiseGeneration.h">
      <Filter>Header Files</Filter>
    </ClInclude>
    <ClInclude Include="include\registration.h">
      <Filter>Header Files</Filter>
    </ClInclude>
    <ClInclude Include="include\segmentation.h">
      <Filter>Header Files</Filter>
    </ClInclude>
    <ClInclude Include="include\shapeGeneration.h">
      <Filter>Header Files</Filter>
    </ClInclude>
    <ClInclude Include="include\statistics.h">
      <Filter>Header Files</Filter>
    </ClInclude>
    <ClInclude Include="include\transformation.h">
      <Filter>Header Files</Filter>
    </ClInclude>
  </ItemGroup>
</Project>