
Microsoft Visual Studio Solution File, Format Version 12.00
# Visual Studio 2013
VisualStudioVersion = 12.0.31101.0
MinimumVisualStudioVersion = 10.0.40219.1
Project("{FAE04EC0-301F-11D3-BF4B-00C04F79EFBC}") = "PerformanceTracer", "PerformanceTracer\PerformanceTracer.csproj", "{4EED522C-A907-4003-9799-9269FC5D4057}"
EndProject
Project("{FAE04EC0-301F-11D3-BF4B-00C04F79EFBC}") = "PerformanceTracerTests", "PerformanceTracerTests\PerformanceTracerTests.csproj", "{CA1E4E43-AFD4-4531-8A9F-A196A16D606E}"
EndProject
Project("{FAE04EC0-301F-11D3-BF4B-00C04F79EFBC}") = "ThreadsGraphControl", "ThreadsGraphControl\ThreadsGraphControl.csproj", "{9DC32410-92EC-42F9-8891-A7314D2452AF}"
EndProject
Global
	GlobalSection(TeamFoundationVersionControl) = preSolution
		SccNumberOfProjects = 4
		SccEnterpriseProvider = {4CA58AB2-18FA-4F8D-95D4-32DDF27D184C}
		SccTeamFoundationServer = http://tfs:8080/tfs/tatramed
		SccLocalPath0 = .
		SccProjectUniqueName1 = PerformanceTracer\\PerformanceTracer.csproj
		SccProjectName1 = PerformanceTracer
		SccLocalPath1 = PerformanceTracer
		SccProjectUniqueName2 = PerformanceTracerTests\\PerformanceTracerTests.csproj
		SccProjectName2 = PerformanceTracerTests
		SccLocalPath2 = PerformanceTracerTests
		SccProjectUniqueName3 = ThreadsGraphControl\\ThreadsGraphControl.csproj
		SccProjectName3 = ThreadsGraphControl
		SccLocalPath3 = ThreadsGraphControl
	EndGlobalSection
	GlobalSection(SolutionConfigurationPlatforms) = preSolution
		Debug|Any CPU = Debug|Any CPU
		Release|Any CPU = Release|Any CPU
	EndGlobalSection
	GlobalSection(ProjectConfigurationPlatforms) = postSolution
		{4EED522C-A907-4003-9799-9269FC5D4057}.Debug|Any CPU.ActiveCfg = Debug|Any CPU
		{4EED522C-A907-4003-9799-9269FC5D4057}.Debug|Any CPU.Build.0 = Debug|Any CPU
		{4EED522C-A907-4003-9799-9269FC5D4057}.Release|Any CPU.ActiveCfg = Release|Any CPU
		{4EED522C-A907-4003-9799-9269FC5D4057}.Release|Any CPU.Build.0 = Release|Any CPU
		{CA1E4E43-AFD4-4531-8A9F-A196A16D606E}.Debug|Any CPU.ActiveCfg = Debug|Any CPU
		{CA1E4E43-AFD4-4531-8A9F-A196A16D606E}.Debug|Any CPU.Build.0 = Debug|Any CPU
		{CA1E4E43-AFD4-4531-8A9F-A196A16D606E}.Release|Any CPU.ActiveCfg = Release|Any CPU
		{CA1E4E43-AFD4-4531-8A9F-A196A16D606E}.Release|Any CPU.Build.0 = Release|Any CPU
		{9DC32410-92EC-42F9-8891-A7314D2452AF}.Debug|Any CPU.ActiveCfg = Debug|Any CPU
		{9DC32410-92EC-42F9-8891-A7314D2452AF}.Debug|Any CPU.Build.0 = Debug|Any CPU
		{9DC32410-92EC-42F9-8891-A7314D2452AF}.Release|Any CPU.ActiveCfg = Release|Any CPU
		{9DC32410-92EC-42F9-8891-A7314D2452AF}.Release|Any CPU.Build.0 = Release|Any CPU
	EndGlobalSection
	GlobalSection(SolutionProperties) = preSolution
		HideSolutionNode = FALSE
	EndGlobalSection
EndGlobal
