<?xml version="1.0" encoding="utf-8"?>
<Project ToolsVersion="4.0" xmlns="http://schemas.microsoft.com/developer/msbuild/2003">
  <ItemGroup>
    <Filter Include="Source Files">
      <UniqueIdentifier>{4FC737F1-C7A5-4376-A066-2A32D752A2FF}</UniqueIdentifier>
      <Extensions>cpp;c;cc;cxx;def;odl;idl;hpj;bat;asm;asmx</Extensions>
    </Filter>
    <Filter Include="Header Files">
      <UniqueIdentifier>{93995380-89BD-4b04-88EB-625FBE52EBFB}</UniqueIdentifier>
      <Extensions>h;hh;hpp;hxx;hm;inl;inc;xsd</Extensions>
    </Filter>
    <Filter Include="Resource Files">
      <UniqueIdentifier>{67DA6AB6-F800-4c08-8B7A-83BB121AAD01}</UniqueIdentifier>
      <Extensions>rc;ico;cur;bmp;dlg;rc2;rct;bin;rgs;gif;jpg;jpeg;jpe;resx;tiff;tif;png;wav;mfcribbon-ms</Extensions>
    </Filter>
    <Filter Include="Source Files\PPTooltip">
      <UniqueIdentifier>{45896309-2aac-4251-990a-22f4444b6376}</UniqueIdentifier>
    </Filter>
    <Filter Include="Header Files\PPTooltip">
      <UniqueIdentifier>{69efb267-91f1-4d92-ac12-a80eecebbda8}</UniqueIdentifier>
    </Filter>
  </ItemGroup>
  <ItemGroup>
    <ClInclude Include="src\PerformanceAnalyzer.h">
      <Filter>Header Files</Filter>
    </ClInclude>
    <ClInclude Include="src\stdafx.h">
      <Filter>Header Files</Filter>
    </ClInclude>
    <ClInclude Include="targetver.h">
      <Filter>Header Files</Filter>
    </ClInclude>
    <ClInclude Include="src\MainFrm.h">
      <Filter>Header Files</Filter>
    </ClInclude>
    <ClInclude Include="src\PresentationView.h">
      <Filter>Header Files</Filter>
    </ClInclude>
    <ClInclude Include="Resource.h">
      <Filter>Header Files</Filter>
    </ClInclude>
    <ClInclude Include="src\Function.h">
      <Filter>Header Files</Filter>
    </ClInclude>
    <ClInclude Include="src\Thread.h">
      <Filter>Header Files</Filter>
    </ClInclude>
    <ClInclude Include="src\ThreadContainer.h">
      <Filter>Header Files</Filter>
    </ClInclude>
    <ClInclude Include="src\TextFileReader.h">
      <Filter>Header Files</Filter>
    </ClInclude>
    <ClInclude Include="src\Singleton.h">
      <Filter>Header Files</Filter>
    </ClInclude>
    <ClInclude Include="src\Global.h">
      <Filter>Header Files</Filter>
    </ClInclude>
    <ClInclude Include="src\ZoomInfo.h">
      <Filter>Header Files</Filter>
    </ClInclude>
    <ClInclude Include="src\ThreadPresentationObject.h">
      <Filter>Header Files</Filter>
    </ClInclude>
    <ClInclude Include="src\FunctionPresentationObject.h">
      <Filter>Header Files</Filter>
    </ClInclude>
    <ClInclude Include="src\ThreadsList.h">
      <Filter>Header Files</Filter>
    </ClInclude>
    <ClInclude Include="src\ruler.h">
      <Filter>Header Files</Filter>
    </ClInclude>
    <ClInclude Include="src\TimeMark.h">
      <Filter>Header Files</Filter>
    </ClInclude>
    <ClInclude Include="src\PPTooltip\CeXDib.h">
      <Filter>Header Files\PPTooltip</Filter>
    </ClInclude>
    <ClInclude Include="src\PPTooltip\PPDrawManager.h">
      <Filter>Header Files\PPTooltip</Filter>
    </ClInclude>
    <ClInclude Include="src\PPTooltip\PPHtmlDrawer.h">
      <Filter>Header Files\PPTooltip</Filter>
    </ClInclude>
    <ClInclude Include="src\PPTooltip\PPTooltip.h">
      <Filter>Header Files\PPTooltip</Filter>
    </ClInclude>
    <ClInclude Include="src\MemoryDC.h">
      <Filter>Header Files</Filter>
    </ClInclude>
    <ClInclude Include="src\FormatTime.h">
      <Filter>Header Files</Filter>
    </ClInclude>
  </ItemGroup>
  <ItemGroup>
    <ClCompile Include="src\PerformanceAnalyzer.cpp">
      <Filter>Source Files</Filter>
    </ClCompile>
    <ClCompile Include="src\stdafx.cpp">
      <Filter>Source Files</Filter>
    </ClCompile>
    <ClCompile Include="src\MainFrm.cpp">
      <Filter>Source Files</Filter>
    </ClCompile>
    <ClCompile Include="src\PresentationView.cpp">
      <Filter>Source Files</Filter>
    </ClCompile>
    <ClCompile Include="src\ThreadContainer.cpp">
      <Filter>Source Files</Filter>
    </ClCompile>
    <ClCompile Include="src\TextFileReader.cpp">
      <Filter>Source Files</Filter>
    </ClCompile>
    <ClCompile Include="src\Global.cpp">
      <Filter>Source Files</Filter>
    </ClCompile>
    <ClCompile Include="src\ZoomInfo.cpp">
      <Filter>Source Files</Filter>
    </ClCompile>
    <ClCompile Include="src\ThreadPresentationObject.cpp">
      <Filter>Source Files</Filter>
    </ClCompile>
    <ClCompile Include="src\FunctionPresentationObject.cpp">
      <Filter>Source Files</Filter>
    </ClCompile>
    <ClCompile Include="src\ThreadsList.cpp">
      <Filter>Source Files</Filter>
    </ClCompile>
    <ClCompile Include="src\ruler.cpp">
      <Filter>Source Files</Filter>
    </ClCompile>
    <ClCompile Include="src\TimeMark.cpp">
      <Filter>Source Files</Filter>
    </ClCompile>
    <ClCompile Include="src\PPTooltip\CeXDib.cpp">
      <Filter>Source Files\PPTooltip</Filter>
    </ClCompile>
    <ClCompile Include="src\PPTooltip\PPDrawManager.cpp">
      <Filter>Source Files\PPTooltip</Filter>
    </ClCompile>
    <ClCompile Include="src\PPTooltip\PPHtmlDrawer.cpp">
      <Filter>Source Files\PPTooltip</Filter>
    </ClCompile>
    <ClCompile Include="src\PPTooltip\PPTooltip.cpp">
      <Filter>Source Files\PPTooltip</Filter>
    </ClCompile>
    <ClCompile Include="src\FormatTime.cpp">
      <Filter>Source Files</Filter>
    </ClCompile>
  </ItemGroup>
  <ItemGroup>
    <ResourceCompile Include="PerformanceAnalyzer.rc">
      <Filter>Resource Files</Filter>
    </ResourceCompile>
  </ItemGroup>
  <ItemGroup>
    <None Include="res\PerformanceAnalyzer.rc2">
      <Filter>Resource Files</Filter>
    </None>
  </ItemGroup>
  <ItemGroup>
    <Image Include="res\PerformanceAnalyzer.ico">
      <Filter>Resource Files</Filter>
    </Image>
    <Image Include="res\Toolbar.bmp">
      <Filter>Resource Files</Filter>
    </Image>
  </ItemGroup>
</Project>