<?xml version="1.0" encoding="utf-8"?>
<Project ToolsVersion="4.0" xmlns="http://schemas.microsoft.com/developer/msbuild/2003">
  <ItemGroup>
    <Filter Include="Source Files">
      <UniqueIdentifier>{4FC737F1-C7A5-4376-A066-2A32D752A2FF}</UniqueIdentifier>
      <Extensions>cpp;c;cc;cxx;def;odl;idl;hpj;bat;asm;asmx</Extensions>
    </Filter>
    <Filter Include="Header Files">
      <UniqueIdentifier>{93995380-89BD-4b04-88EB-625FBE52EBFB}</UniqueIdentifier>
      <Extensions>h;hpp;hxx;hm;inl;inc;xsd</Extensions>
    </Filter>
  </ItemGroup>
  <ItemGroup>
    <ClInclude Include="..\src\elf.h">
      <Filter>Header Files</Filter>
    </ClInclude>
    <ClInclude Include="..\src\libtcc.h">
      <Filter>Header Files</Filter>
    </ClInclude>
    <ClInclude Include="..\src\stab.h">
      <Filter>Header Files</Filter>
    </ClInclude>
    <ClInclude Include="..\src\tcc.h">
      <Filter>Header Files</Filter>
    </ClInclude>
    <ClInclude Include="..\src\tcclib.h">
      <Filter>Header Files</Filter>
    </ClInclude>
    <ClInclude Include="..\src\tcctok.h">
      <Filter>Header Files</Filter>
    </ClInclude>
    <ClInclude Include="..\src\svm-asm.h">
      <Filter>Header Files</Filter>
    </ClInclude>
    <ClInclude Include="..\src\svm-tok.h">
      <Filter>Header Files</Filter>
    </ClInclude>
    <ClInclude Include="..\src\svm-defs.h">
      <Filter>Header Files</Filter>
    </ClInclude>
  </ItemGroup>
  <ItemGroup>
    <None Include="..\src\svm-opcodes.h">
      <Filter>Header Files</Filter>
    </None>
    <None Include="..\src\stab.def">
      <Filter>Source Files</Filter>
    </None>
  </ItemGroup>
  <ItemGroup>
    <ClCompile Include="..\src\tcc.c">
      <Filter>Source Files</Filter>
    </ClCompile>
    <ClCompile Include="..\src\libtcc.c">
      <Filter>Source Files</Filter>
    </ClCompile>
    <ClCompile Include="..\src\tccelf.c">
      <Filter>Source Files</Filter>
    </ClCompile>
    <ClCompile Include="..\src\tccgen.c">
      <Filter>Source Files</Filter>
    </ClCompile>
    <ClCompile Include="..\src\tccpe.c">
      <Filter>Source Files</Filter>
    </ClCompile>
    <ClCompile Include="..\src\tccpp.c">
      <Filter>Source Files</Filter>
    </ClCompile>
    <ClCompile Include="..\src\svm-gen.c">
      <Filter>Source Files</Filter>
    </ClCompile>
    <ClCompile Include="..\src\tccasm.c">
      <Filter>Source Files</Filter>
    </ClCompile>
    <ClCompile Include="..\src\svm-asm.c">
      <Filter>Source Files</Filter>
    </ClCompile>
  </ItemGroup>
</Project>