<?xml version="1.0" encoding="utf-8"?>
<Project ToolsVersion="4.0" xmlns="http://schemas.microsoft.com/developer/msbuild/2003">
  <ItemGroup>
    <Filter Include="Source Files">
      <UniqueIdentifier>{7369f581-7c21-4dbb-b588-871ad415dceb}</UniqueIdentifier>
      <Extensions>cpp;c;cxx;rc;def;r;odl;idl;hpj;bat</Extensions>
    </Filter>
    <Filter Include="Header Files">
      <UniqueIdentifier>{e376629f-ed44-439b-a1e4-5f4a574e6151}</UniqueIdentifier>
      <Extensions>h;hpp;hxx;hm;inl</Extensions>
    </Filter>
    <Filter Include="Tools">
      <UniqueIdentifier>{11dc41a9-aa3c-415d-8d61-6c4dbf32221c}</UniqueIdentifier>
    </Filter>
  </ItemGroup>
  <ItemGroup>
    <ClCompile Include="extract.cpp">
      <Filter>Source Files</Filter>
    </ClCompile>
    <ClCompile Include="grammar.cpp">
      <Filter>Source Files</Filter>
    </ClCompile>
    <ClCompile Include="headers.cpp">
      <Filter>Source Files</Filter>
    </ClCompile>
    <ClCompile Include="main.cpp">
      <Filter>Source Files</Filter>
    </ClCompile>
    <ClCompile Include="parse.cpp">
      <Filter>Source Files</Filter>
    </ClCompile>
    <ClCompile Include="rcfile.cpp">
      <Filter>Source Files</Filter>
    </ClCompile>
    <ClCompile Include="scanner.cpp">
      <Filter>Source Files</Filter>
    </ClCompile>
  </ItemGroup>
  <ItemGroup>
    <None Include="bison.exe">
      <Filter>Tools</Filter>
    </None>
    <None Include="bison.hairy">
      <Filter>Tools</Filter>
    </None>
    <None Include="bison.simple">
      <Filter>Tools</Filter>
    </None>
    <None Include="flex.exe">
      <Filter>Tools</Filter>
    </None>
  </ItemGroup>
  <ItemGroup>
    <ClInclude Include="extract.h">
      <Filter>Header Files</Filter>
    </ClInclude>
    <ClInclude Include="grammar.h">
      <Filter>Header Files</Filter>
    </ClInclude>
    <ClInclude Include="headers.h">
      <Filter>Header Files</Filter>
    </ClInclude>
    <ClInclude Include="parse.h">
      <Filter>Header Files</Filter>
    </ClInclude>
    <ClInclude Include="rcfile.h">
      <Filter>Header Files</Filter>
    </ClInclude>
    <ClInclude Include="unistd.h">
      <Filter>Header Files</Filter>
    </ClInclude>
  </ItemGroup>
  <ItemGroup>
    <CustomBuild Include="grammar.ypp">
      <Filter>Source Files</Filter>
    </CustomBuild>
    <CustomBuild Include="scanner.lex">
      <Filter>Source Files</Filter>
    </CustomBuild>
  </ItemGroup>
</Project>