Microsoft Visual Studio Solution File, Format Version 10.00
# Visual Studio 2008
Project("{8BC9CEB8-8B4A-11D0-8D11-00A0C91BC942}") = "rcbmpchk", "rcbmpchk.vcproj", "{C1D4C369-1EC8-4F3A-B0EC-10A265C8163E}"
EndProject
Global
	GlobalSection(TeamFoundationVersionControl) = preSolution
		SccNumberOfProjects = 2
		SccLocalPath0 = .
		SccProjectUniqueName1 = rcbmpchk.vcproj
		SccLocalPath1 = .
	EndGlobalSection
	GlobalSection(SolutionConfigurationPlatforms) = preSolution
		Release|Win32 = Release|Win32
		YY Debug|Win32 = YY Debug|Win32
	EndGlobalSection
	GlobalSection(ProjectConfigurationPlatforms) = postSolution
		{C1D4C369-1EC8-4F3A-B0EC-10A265C8163E}.Release|Win32.ActiveCfg = Release|Win32
		{C1D4C369-1EC8-4F3A-B0EC-10A265C8163E}.Release|Win32.Build.0 = Release|Win32
		{C1D4C369-1EC8-4F3A-B0EC-10A265C8163E}.YY Debug|Win32.ActiveCfg = YY Debug|Win32
		{C1D4C369-1EC8-4F3A-B0EC-10A265C8163E}.YY Debug|Win32.Build.0 = YY Debug|Win32
	EndGlobalSection
	GlobalSection(SolutionProperties) = preSolution
		HideSolutionNode = FALSE
	EndGlobalSection
EndGlobal
